
Microsoft Visual Studio Solution File, Format Version 12.00
# Visual Studio Version 16
VisualStudioVersion = 16.0.31829.152
MinimumVisualStudioVersion = 10.0.40219.1
Project("{FAE04EC0-301F-11D3-BF4B-00C04F79EFBC}") = "OopsConcept", "OopsConcept\OopsConcept.csproj", "{ED6FDB3F-9781-445E-A218-FA0AE27DD610}"
EndProject
Global
	GlobalSection(SolutionConfigurationPlatforms) = preSolution
		Debug|Any CPU = Debug|Any CPU
		Release|Any CPU = Release|Any CPU
	EndGlobalSection
	GlobalSection(ProjectConfigurationPlatforms) = postSolution
		{ED6FDB3F-9781-445E-A218-FA0AE27DD610}.Debug|Any CPU.ActiveCfg = Debug|Any CPU
		{ED6FDB3F-9781-445E-A218-FA0AE27DD610}.Debug|Any CPU.Build.0 = Debug|Any CPU
		{ED6FDB3F-9781-445E-A218-FA0AE27DD610}.Release|Any CPU.ActiveCfg = Release|Any CPU
		{ED6FDB3F-9781-445E-A218-FA0AE27DD610}.Release|Any CPU.Build.0 = Release|Any CPU
	EndGlobalSection
	GlobalSection(SolutionProperties) = preSolution
		HideSolutionNode = FALSE
	EndGlobalSection
	GlobalSection(ExtensibilityGlobals) = postSolution
		SolutionGuid = {3CDD90BA-2939-4F73-A5C0-65F272DF9B19}
	EndGlobalSection
EndGlobal
